{
  "name": "image-sync-core",
  "version": "0.0.0",
  "lockfileVersion": 3,
  "requires": true,
  "packages": {
    "": {
      "name": "image-sync-core",
      "version": "0.0.0",
      "license": "UNLICENSED",
      "dependencies": {
        "@ubjs/core": "^0.31.0-3",
        "uniffi-bindgen-react-native": "^0.31.0-3"
      }
    },
    "node_modules/@ubjs/core": {
      "version": "0.31.0-3",
      "resolved": "https://registry.npmjs.org/@ubjs/core/-/core-0.31.0-3.tgz",
      "integrity": "sha512-39XrJgUZ2VVb561sSnkXPhczNoeBsNiSRArecsV0JE7CJq69ajFkcn9/tBAUS2NpgHkLIDU+z6Ks2+1wXnboxg==",
      "license": "MPL-2.0"
    },
    "node_modules/uniffi-bindgen-react-native": {
      "version": "0.31.0-3",
      "resolved": "https://registry.npmjs.org/uniffi-bindgen-react-native/-/uniffi-bindgen-react-native-0.31.0-3.tgz",
      "integrity": "sha512-br7giBJRr/j00rdMXhOZGMGuDWMAVUcxC9O3lco0KRqzEAxUz00+gegPW5tKamvKbrnj7NB682XUCYrcagtxFA==",
      "license": "MPL-2.0",
      "bin": {
        "ubrn": "bin/cli.cjs",
        "uniffi-bindgen-react-native": "bin/cli.cjs"
      }
    }
  }
}
